{
    "_meta": {
        "hash": {
            "sha256": "61e3e22bcbf34596e18be1ee76d53ae838c043dc96f9e96f8afc2dfb68db4792"
        },
        "requires": {},
        "sources": [
            {
                "url": "https://pypi.python.org/simple",
                "verify_ssl": true
            }
        ]
    },
    "default": {
        "Flask": {
            "hash": "sha256:7f03bb2c255452444f7265eddb51601806e5447b6f8a2d50bbc77a654a14c118",
            "version": "==0.12"
        },
        "Jinja2": {
            "hash": "sha256:a7b7438120dbe76a8e735ef7eba6048eaf4e0b7dbc530e100812f8ec462a4d50",
            "version": "==2.9.5"
        },
        "MarkupSafe": {
            "hash": "sha256:a6be69091dac236ea9c6bc7d012beab42010fa914c459791d627dad4910eb665",
            "version": "==1.0"
        },
        "Werkzeug": {
            "hash": "sha256:918322630c58fa52b89e14c45de3ad78514e18928dac726060bb89cd647f6b83",
            "version": "==0.12.1"
        },
        "click": {
            "hash": "sha256:29f99fc6125fbc931b758dc053b3114e55c77a6e4c6c3a2674a2dc986016381d",
            "version": "==6.7"
        },
        "gunicorn": {
            "hash": "sha256:75af03c99389535f218cc596c7de74df4763803f7b63eb09d77e92b3956b36c6",
            "version": "==19.7.1"
        },
        "itsdangerous": {
            "hash": "sha256:cbb3fcf8d3e33df861709ecaf89d9e6629cff0a217bc2848f1b41cd30d360519",
            "version": "==0.24"
        },
        "marshmallow": {
            "hash": "sha256:d88c8d25f636377c00ae85dda7030ff6f7553a9aec7dcd29094126c05b82b36b",
            "version": "==2.13.4"
        },
        "requests": {
            "hash": "sha256:1a720e8862a41aa22e339373b526f508ef0c8988baf48b84d3fc891a8e237efb",
            "version": "==2.13.0"
        },
        "webargs": {
            "hash": "sha256:97d3c5569be17385bf7561aae7ac94992bf81993419a7a3379607620c17ba372",
            "version": "==1.6.0"
        }
    },
    "develop": {
        "appdirs": {
            "hash": "sha256:d8b24664561d0d34ddfaec54636d502d7cea6e29c3eaf68f3df6180863e2166e",
            "version": "==1.4.3"
        },
        "astroid": {
            "git": "https://github.com/PyCQA/astroid.git",
            "ref": "4e7d9fee4080d2e0db67a3e0463be8b196e56a95"
        },
        "colorama": {
            "hash": "sha256:a4c0f5bc358a62849653471e309dcc991223cf86abafbec17cd8f41327279e89",
            "version": "==0.3.7"
        },
        "nose": {
            "hash": "sha256:9ff7c6cc443f8c51994b34a667bbcf45afd6d945be7477b52e97516fd17c53ac",
            "version": "==1.3.7"
        },
        "packaging": {
            "hash": "sha256:99276dc6e3a7851f32027a68f1095cd3f77c148091b092ea867a351811cfe388",
            "version": "==16.8"
        },
        "py": {
            "hash": "sha256:81b5e37db3cc1052de438375605fb5d3b3e97f950f415f9143f04697c684d7eb",
            "version": "==1.4.33"
        },
        "pylint": {
            "git": "https://github.com/PyCQA/pylint.git",
            "ref": "e0fdd25c214e60bef10fbaa46252f4aaa74de8c2"
        },
        "pyparsing": {
            "hash": "sha256:fee43f17a9c4087e7ed1605bd6df994c6173c1e977d7ade7b651292fab2bd010",
            "version": "==2.2.0"
        },
        "pytest": {
            "hash": "sha256:66f332ae62593b874a648b10a8cb106bfdacd2c6288ed7dec3713c3a808a6017",
            "version": "==3.0.7"
        },
        "pytest-describe": {
            "hash": "sha256:c592f1294e4455cebe88f162a1475e347c0668ce256c4d1a4ccd21d6c5f51827",
            "version": "==0.11.0"
        },
        "pytest-expecter": {
            "hash": "sha256:9c6ed4d26df0e80a31b2c6ad86a959593f0c5b2459ea366496c45d9bbd9d358a",
            "version": "==0.2.2.post3"
        },
        "python-termstyle": {
            "hash": "sha256:f42a6bb16fbfc5e2c66d553e7ad46524ea833872f75ee5d827c15115fafc94e2",
            "version": "==0.1.10"
        },
        "setuptools": {
            "hash": "sha256:6483f8412313ec787fa71379147a4605d3b1cc303c3648d02542a9160d3db72b",
            "version": "==34.3.2"
        },
        "six": {
            "hash": "sha256:0ff78c403d9bccf5a425a6d31a12aa6b47f1c21ca4dc2573a7e2f32a97335eb1",
            "version": "==1.10.0"
        },
        "sniffer": {
            "hash": "sha256:e8a0daa4c51dff3d00482b45dc9b978159100a8d5a7df327c28ed96586559970",
            "version": "==0.4.0"
        }
    }
}