{
    "_meta": {
        "hash": {
            "sha256": "e765f261d732b7cbd6cedecb4fa2d350b8fc34719c7500da368cc4f192f92427"
        },
        "requires": {},
        "sources": [
            {
                "url": "https://pypi.python.org/simple",
                "verify_ssl": true
            }
        ]
    },
    "default": {
        "Flask": {
            "hash": "sha256:7f03bb2c255452444f7265eddb51601806e5447b6f8a2d50bbc77a654a14c118",
            "version": "==0.12"
        },
        "Jinja2": {
            "hash": "sha256:a7b7438120dbe76a8e735ef7eba6048eaf4e0b7dbc530e100812f8ec462a4d50",
            "version": "==2.9.5"
        },
        "MarkupSafe": {
            "hash": "sha256:a6be69091dac236ea9c6bc7d012beab42010fa914c459791d627dad4910eb665",
            "version": "==1.0"
        },
        "Werkzeug": {
            "hash": "sha256:918322630c58fa52b89e14c45de3ad78514e18928dac726060bb89cd647f6b83",
            "version": "==0.12.1"
        },
        "click": {
            "hash": "sha256:29f99fc6125fbc931b758dc053b3114e55c77a6e4c6c3a2674a2dc986016381d",
            "version": "==6.7"
        },
        "gunicorn": {
            "hash": "sha256:7b48e797990b7972862bf93c7eec637efb391217485920e6fa5f509376d94727",
            "version": "==19.7.0"
        },
        "itsdangerous": {
            "hash": "sha256:cbb3fcf8d3e33df861709ecaf89d9e6629cff0a217bc2848f1b41cd30d360519",
            "version": "==0.24"
        },
        "marshmallow": {
            "hash": "sha256:e48cf450dd548f778a836563e2779d08b115e329fe7316a275de4ba600c377c7",
            "version": "==2.13.3"
        },
        "requests": {
            "hash": "sha256:1a720e8862a41aa22e339373b526f508ef0c8988baf48b84d3fc891a8e237efb",
            "version": "==2.13.0"
        },
        "webargs": {
            "hash": "sha256:97d3c5569be17385bf7561aae7ac94992bf81993419a7a3379607620c17ba372",
            "version": "==1.6.0"
        }
    },
    "develop": {}
}